// !$*UTF8*$!
{
	archiveVersion = 1;
	classes = {
	};
	objectVersion = 46;
	objects = {

/* Begin PBXBuildFile section */
		876206111AFD01BF000862E3 /* AppDelegate.swift in Sources */ = {isa = PBXBuildFile; fileRef = 876206101AFD01BF000862E3 /* AppDelegate.swift */; };
		8791D49B1AFF88DE00984723 /* ColorButton.swift in Sources */ = {isa = PBXBuildFile; fileRef = 8791D49A1AFF88DE00984723 /* ColorButton.swift */; };
		8791D49D1AFF9A3800984723 /* ColorWord.swift in Sources */ = {isa = PBXBuildFile; fileRef = 8791D49C1AFF9A3800984723 /* ColorWord.swift */; };
/* End PBXBuildFile section */

/* Begin PBXFileReference section */
		8762060B1AFD01BF000862E3 /* viewhierarchy.app */ = {isa = PBXFileReference; explicitFileType = wrapper.application; includeInIndex = 0; path = viewhierarchy.app; sourceTree = BUILT_PRODUCTS_DIR; };
		8762060F1AFD01BF000862E3 /* Info.plist */ = {isa = PBXFileReference; lastKnownFileType = text.plist.xml; path = Info.plist; sourceTree = "<group>"; };
		876206101AFD01BF000862E3 /* AppDelegate.swift */ = {isa = PBXFileReference; lastKnownFileType = sourcecode.swift; path = AppDelegate.swift; sourceTree = "<group>"; };
		8791D49A1AFF88DE00984723 /* ColorButton.swift */ = {isa = PBXFileReference; fileEncoding = 4; lastKnownFileType = sourcecode.swift; path = ColorButton.swift; sourceTree = "<group>"; };
		8791D49C1AFF9A3800984723 /* ColorWord.swift */ = {isa = PBXFileReference; fileEncoding = 4; lastKnownFileType = sourcecode.swift; path = ColorWord.swift; sourceTree = "<group>"; };
/* End PBXFileReference section */

/* Begin PBXFrameworksBuildPhase section */
		876206081AFD01BF000862E3 /* Frameworks */ = {
			isa = PBXFrameworksBuildPhase;
			buildActionMask = 2147483647;
			files = (
			);
			runOnlyForDeploymentPostprocessing = 0;
		};
/* End PBXFrameworksBuildPhase section */

/* Begin PBXGroup section */
		876206001AFCFF95000862E3 = {
			isa = PBXGroup;
			children = (
				8762060D1AFD01BF000862E3 /* viewhierarchy */,
				8762060C1AFD01BF000862E3 /* Products */,
			);
			sourceTree = "<group>";
		};
		8762060C1AFD01BF000862E3 /* Products */ = {
			isa = PBXGroup;
			children = (
				8762060B1AFD01BF000862E3 /* viewhierarchy.app */,
			);
			name = Products;
			sourceTree = "<group>";
		};
		8762060D1AFD01BF000862E3 /* viewhierarchy */ = {
			isa = PBXGroup;
			children = (
				876206101AFD01BF000862E3 /* AppDelegate.swift */,
				8791D49A1AFF88DE00984723 /* ColorButton.swift */,
				8791D49C1AFF9A3800984723 /* ColorWord.swift */,
				8762060E1AFD01BF000862E3 /* Supporting Files */,
			);
			path = viewhierarchy;
			sourceTree = "<group>";
		};
		8762060E1AFD01BF000862E3 /* Supporting Files */ = {
			isa = PBXGroup;
			children = (
				8762060F1AFD01BF000862E3 /* Info.plist */,
			);
			name = "Supporting Files";
			sourceTree = "<group>";
		};
/* End PBXGroup section */

/* Begin PBXNativeTarget section */
		8762060A1AFD01BF000862E3 /* viewhierarchy */ = {
			isa = PBXNativeTarget;
			buildConfigurationList = 876206281AFD01BF000862E3 /* Build configuration list for PBXNativeTarget "viewhierarchy" */;
			buildPhases = (
				876206071AFD01BF000862E3 /* Sources */,
				876206081AFD01BF000862E3 /* Frameworks */,
				876206091AFD01BF000862E3 /* Resources */,
			);
			buildRules = (
			);
			dependencies = (
			);
			name = viewhierarchy;
			productName = viewhierarchy;
			productReference = 8762060B1AFD01BF000862E3 /* viewhierarchy.app */;
			productType = "com.apple.product-type.application";
		};
/* End PBXNativeTarget section */

/* Begin PBXProject section */
		876206011AFCFF95000862E3 /* Project object */ = {
			isa = PBXProject;
			attributes = {
				LastUpgradeCheck = 0630;
				TargetAttributes = {
					8762060A1AFD01BF000862E3 = {
						CreatedOnToolsVersion = 6.3.1;
					};
				};
			};
			buildConfigurationList = 876206041AFCFF95000862E3 /* Build configuration list for PBXProject "viewhierarchy" */;
			compatibilityVersion = "Xcode 3.2";
			developmentRegion = English;
			hasScannedForEncodings = 0;
			knownRegions = (
				en,
				Base,
			);
			mainGroup = 876206001AFCFF95000862E3;
			productRefGroup = 8762060C1AFD01BF000862E3 /* Products */;
			projectDirPath = "";
			projectRoot = "";
			targets = (
				8762060A1AFD01BF000862E3 /* viewhierarchy */,
			);
		};
/* End PBXProject section */

/* Begin PBXResourcesBuildPhase section */
		876206091AFD01BF000862E3 /* Resources */ = {
			isa = PBXResourcesBuildPhase;
			buildActionMask = 2147483647;
			files = (
			);
			runOnlyForDeploymentPostprocessing = 0;
		};
/* End PBXResourcesBuildPhase section */

/* Begin PBXSourcesBuildPhase section */
		876206071AFD01BF000862E3 /* Sources */ = {
			isa = PBXSourcesBuildPhase;
			buildActionMask = 2147483647;
			files = (
				876206111AFD01BF000862E3 /* AppDelegate.swift in Sources */,
				8791D49B1AFF88DE00984723 /* ColorButton.swift in Sources */,
				8791D49D1AFF9A3800984723 /* ColorWord.swift in Sources */,
			);
			runOnlyForDeploymentPostprocessing = 0;
		};
/* End PBXSourcesBuildPhase section */

/* Begin XCBuildConfiguration section */
		876206051AFCFF95000862E3 /* Debug */ = {
			isa = XCBuildConfiguration;
			buildSettings = {
			};
			name = Debug;
		};
		876206061AFCFF95000862E3 /* Release */ = {
			isa = XCBuildConfiguration;
			buildSettings = {
			};
			name = Release;
		};
		876206291AFD01BF000862E3 /* Debug */ = {
			isa = XCBuildConfiguration;
			buildSettings = {
				ALWAYS_SEARCH_USER_PATHS = NO;
				CLANG_CXX_LANGUAGE_STANDARD = "gnu++0x";
				CLANG_CXX_LIBRARY = "libc++";
				CLANG_ENABLE_MODULES = YES;
				CLANG_ENABLE_OBJC_ARC = YES;
				CLANG_WARN_BOOL_CONVERSION = YES;
				CLANG_WARN_CONSTANT_CONVERSION = YES;
				CLANG_WARN_DIRECT_OBJC_ISA_USAGE = YES_ERROR;
				CLANG_WARN_EMPTY_BODY = YES;
				CLANG_WARN_ENUM_CONVERSION = YES;
				CLANG_WARN_INT_CONVERSION = YES;
				CLANG_WARN_OBJC_ROOT_CLASS = YES_ERROR;
				CLANG_WARN_UNREACHABLE_CODE = YES;
				CLANG_WARN__DUPLICATE_METHOD_MATCH = YES;
				"CODE_SIGN_IDENTITY[sdk=iphoneos*]" = "iPhone Developer";
				COPY_PHASE_STRIP = NO;
				DEBUG_INFORMATION_FORMAT = "dwarf-with-dsym";
				ENABLE_STRICT_OBJC_MSGSEND = YES;
				GCC_C_LANGUAGE_STANDARD = gnu99;
				GCC_DYNAMIC_NO_PIC = NO;
				GCC_NO_COMMON_BLOCKS = YES;
				GCC_OPTIMIZATION_LEVEL = 0;
				GCC_PREPROCESSOR_DEFINITIONS = (
					"DEBUG=1",
					"$(inherited)",
				);
				GCC_SYMBOLS_PRIVATE_EXTERN = NO;
				GCC_WARN_64_TO_32_BIT_CONVERSION = YES;
				GCC_WARN_ABOUT_RETURN_TYPE = YES_ERROR;
				GCC_WARN_UNDECLARED_SELECTOR = YES;
				GCC_WARN_UNINITIALIZED_AUTOS = YES_AGGRESSIVE;
				GCC_WARN_UNUSED_FUNCTION = YES;
				GCC_WARN_UNUSED_VARIABLE = YES;
				INFOPLIST_FILE = viewhierarchy/Info.plist;
				LD_RUNPATH_SEARCH_PATHS = "$(inherited) @executable_path/Frameworks";
				MTL_ENABLE_DEBUG_INFO = YES;
				ONLY_ACTIVE_ARCH = YES;
				PRODUCT_NAME = "$(TARGET_NAME)";
				SDKROOT = iphoneos;
				SWIFT_OPTIMIZATION_LEVEL = "-Onone";
				TARGETED_DEVICE_FAMILY = "1,2";
			};
			name = Debug;
		};
		8762062A1AFD01BF000862E3 /* Release */ = {
			isa = XCBuildConfiguration;
			buildSettings = {
				ALWAYS_SEARCH_USER_PATHS = NO;
				CLANG_CXX_LANGUAGE_STANDARD = "gnu++0x";
				CLANG_CXX_LIBRARY = "libc++";
				CLANG_ENABLE_MODULES = YES;
				CLANG_ENABLE_OBJC_ARC = YES;
				CLANG_WARN_BOOL_CONVERSION = YES;
				CLANG_WARN_CONSTANT_CONVERSION = YES;
				CLANG_WARN_DIRECT_OBJC_ISA_USAGE = YES_ERROR;
				CLANG_WARN_EMPTY_BODY = YES;
				CLANG_WARN_ENUM_CONVERSION = YES;
				CLANG_WARN_INT_CONVERSION = YES;
				CLANG_WARN_OBJC_ROOT_CLASS = YES_ERROR;
				CLANG_WARN_UNREACHABLE_CODE = YES;
				CLANG_WARN__DUPLICATE_METHOD_MATCH = YES;
				"CODE_SIGN_IDENTITY[sdk=iphoneos*]" = "iPhone Developer";
				COPY_PHASE_STRIP = NO;
				DEBUG_INFORMATION_FORMAT = "dwarf-with-dsym";
				ENABLE_NS_ASSERTIONS = NO;
				ENABLE_STRICT_OBJC_MSGSEND = YES;
				GCC_C_LANGUAGE_STANDARD = gnu99;
				GCC_NO_COMMON_BLOCKS = YES;
				GCC_WARN_64_TO_32_BIT_CONVERSION = YES;
				GCC_WARN_ABOUT_RETURN_TYPE = YES_ERROR;
				GCC_WARN_UNDECLARED_SELECTOR = YES;
				GCC_WARN_UNINITIALIZED_AUTOS = YES_AGGRESSIVE;
				GCC_WARN_UNUSED_FUNCTION = YES;
				GCC_WARN_UNUSED_VARIABLE = YES;
				INFOPLIST_FILE = viewhierarchy/Info.plist;
				LD_RUNPATH_SEARCH_PATHS = "$(inherited) @executable_path/Frameworks";
				MTL_ENABLE_DEBUG_INFO = NO;
				PRODUCT_NAME = "$(TARGET_NAME)";
				SDKROOT = iphoneos;
				TARGETED_DEVICE_FAMILY = "1,2";
				VALIDATE_PRODUCT = YES;
			};
			name = Release;
		};
/* End XCBuildConfiguration section */

/* Begin XCConfigurationList section */
		876206041AFCFF95000862E3 /* Build configuration list for PBXProject "viewhierarchy" */ = {
			isa = XCConfigurationList;
			buildConfigurations = (
				876206051AFCFF95000862E3 /* Debug */,
				876206061AFCFF95000862E3 /* Release */,
			);
			defaultConfigurationIsVisible = 0;
			defaultConfigurationName = Release;
		};
		876206281AFD01BF000862E3 /* Build configuration list for PBXNativeTarget "viewhierarchy" */ = {
			isa = XCConfigurationList;
			buildConfigurations = (
				876206291AFD01BF000862E3 /* Debug */,
				8762062A1AFD01BF000862E3 /* Release */,
			);
			defaultConfigurationIsVisible = 0;
			defaultConfigurationName = Release;
		};
/* End XCConfigurationList section */
	};
	rootObject = 876206011AFCFF95000862E3 /* Project object */;
}
